
Microsoft Visual Studio Solution File, Format Version 12.00
# Visual Studio Version 17
VisualStudioVersion = 17.10.34928.147
MinimumVisualStudioVersion = 10.0.40219.1
Project("{FAE04EC0-301F-11D3-BF4B-00C04F79EFBC}") = "Personal-Portfolio", "Personal-Portfolio.csproj", "{FA931170-2A09-41F1-B831-6341272D643E}"
EndProject
Global
	GlobalSection(SolutionConfigurationPlatforms) = preSolution
		Debug|Any CPU = Debug|Any CPU
		Release|Any CPU = Release|Any CPU
	EndGlobalSection
	GlobalSection(ProjectConfigurationPlatforms) = postSolution
		{FA931170-2A09-41F1-B831-6341272D643E}.Debug|Any CPU.ActiveCfg = Debug|Any CPU
		{FA931170-2A09-41F1-B831-6341272D643E}.Debug|Any CPU.Build.0 = Debug|Any CPU
		{FA931170-2A09-41F1-B831-6341272D643E}.Release|Any CPU.ActiveCfg = Release|Any CPU
		{FA931170-2A09-41F1-B831-6341272D643E}.Release|Any CPU.Build.0 = Release|Any CPU
	EndGlobalSection
	GlobalSection(SolutionProperties) = preSolution
		HideSolutionNode = FALSE
	EndGlobalSection
	GlobalSection(ExtensibilityGlobals) = postSolution
		SolutionGuid = {F3B231E1-BFDA-420F-8949-0A04F1EA3477}
	EndGlobalSection
EndGlobal
